{
  "object": {
    "pins": [
      {
        "package": "Common",
        "repositoryURL": "https://github.com/noahemmet/Common",
        "state": {
          "branch": "master",
          "revision": "627fb3de3905aa0403bb94dcad4f067182676867",
          "version": null
        }
      }
    ]
  },
  "version": 1
}
